// !$*UTF8*$!
{
	archiveVersion = 1;
	classes = {
	};
	objectVersion = 46;
	objects = {

/* Begin PBXBuildFile section */
		BE7B6903169B4594000F7E03 /* UIKit.framework in Frameworks */ = {isa = PBXBuildFile; fileRef = BE7B6902169B4594000F7E03 /* UIKit.framework */; };
		BE7B6905169B4594000F7E03 /* Foundation.framework in Frameworks */ = {isa = PBXBuildFile; fileRef = BE7B6904169B4594000F7E03 /* Foundation.framework */; };
		BE7B6907169B4594000F7E03 /* CoreGraphics.framework in Frameworks */ = {isa = PBXBuildFile; fileRef = BE7B6906169B4594000F7E03 /* CoreGraphics.framework */; };
		BE7B690D169B4594000F7E03 /* InfoPlist.strings in Resources */ = {isa = PBXBuildFile; fileRef = BE7B690B169B4594000F7E03 /* InfoPlist.strings */; };
		BE7B690F169B4594000F7E03 /* main.m in Sources */ = {isa = PBXBuildFile; fileRef = BE7B690E169B4594000F7E03 /* main.m */; };
		BE7B6913169B4594000F7E03 /* AppDelegate.m in Sources */ = {isa = PBXBuildFile; fileRef = BE7B6912169B4594000F7E03 /* AppDelegate.m */; };
		BE7B6915169B4594000F7E03 /* Default.png in Resources */ = {isa = PBXBuildFile; fileRef = BE7B6914169B4594000F7E03 /* Default.png */; };
		BE7B6917169B4594000F7E03 /* Default@2x.png in Resources */ = {isa = PBXBuildFile; fileRef = BE7B6916169B4594000F7E03 /* Default@2x.png */; };
		BE7B6919169B4594000F7E03 /* Default-568h@2x.png in Resources */ = {isa = PBXBuildFile; fileRef = BE7B6918169B4594000F7E03 /* Default-568h@2x.png */; };
		BE7B691C169B4594000F7E03 /* ViewController.m in Sources */ = {isa = PBXBuildFile; fileRef = BE7B691B169B4594000F7E03 /* ViewController.m */; };
		BE7B691F169B4594000F7E03 /* ViewController.xib in Resources */ = {isa = PBXBuildFile; fileRef = BE7B691D169B4594000F7E03 /* ViewController.xib */; };
/* End PBXBuildFile section */

/* Begin PBXFileReference section */
		BE7B68FE169B4594000F7E03 /* twoTableTest.app */ = {isa = PBXFileReference; explicitFileType = wrapper.application; includeInIndex = 0; path = twoTableTest.app; sourceTree = BUILT_PRODUCTS_DIR; };
		BE7B6902169B4594000F7E03 /* UIKit.framework */ = {isa = PBXFileReference; lastKnownFileType = wrapper.framework; name = UIKit.framework; path = System/Library/Frameworks/UIKit.framework; sourceTree = SDKROOT; };
		BE7B6904169B4594000F7E03 /* Foundation.framework */ = {isa = PBXFileReference; lastKnownFileType = wrapper.framework; name = Foundation.framework; path = System/Library/Frameworks/Foundation.framework; sourceTree = SDKROOT; };
		BE7B6906169B4594000F7E03 /* CoreGraphics.framework */ = {isa = PBXFileReference; lastKnownFileType = wrapper.framework; name = CoreGraphics.framework; path = System/Library/Frameworks/CoreGraphics.framework; sourceTree = SDKROOT; };
		BE7B690A169B4594000F7E03 /* twoTableTest-Info.plist */ = {isa = PBXFileReference; lastKnownFileType = text.plist.xml; path = "twoTableTest-Info.plist"; sourceTree = "<group>"; };
		BE7B690C169B4594000F7E03 /* en */ = {isa = PBXFileReference; lastKnownFileType = text.plist.strings; name = en; path = en.lproj/InfoPlist.strings; sourceTree = "<group>"; };
		BE7B690E169B4594000F7E03 /* main.m */ = {isa = PBXFileReference; lastKnownFileType = sourcecode.c.objc; path = main.m; sourceTree = "<group>"; };
		BE7B6910169B4594000F7E03 /* twoTableTest-Prefix.pch */ = {isa = PBXFileReference; lastKnownFileType = sourcecode.c.h; path = "twoTableTest-Prefix.pch"; sourceTree = "<group>"; };
		BE7B6911169B4594000F7E03 /* AppDelegate.h */ = {isa = PBXFileReference; lastKnownFileType = sourcecode.c.h; path = AppDelegate.h; sourceTree = "<group>"; };
		BE7B6912169B4594000F7E03 /* AppDelegate.m */ = {isa = PBXFileReference; lastKnownFileType = sourcecode.c.objc; path = AppDelegate.m; sourceTree = "<group>"; };
		BE7B6914169B4594000F7E03 /* Default.png */ = {isa = PBXFileReference; lastKnownFileType = image.png; path = Default.png; sourceTree = "<group>"; };
		BE7B6916169B4594000F7E03 /* Default@2x.png */ = {isa = PBXFileReference; lastKnownFileType = image.png; path = "Default@2x.png"; sourceTree = "<group>"; };
		BE7B6918169B4594000F7E03 /* Default-568h@2x.png */ = {isa = PBXFileReference; lastKnownFileType = image.png; path = "Default-568h@2x.png"; sourceTree = "<group>"; };
		BE7B691A169B4594000F7E03 /* ViewController.h */ = {isa = PBXFileReference; lastKnownFileType = sourcecode.c.h; path = ViewController.h; sourceTree = "<group>"; };
		BE7B691B169B4594000F7E03 /* ViewController.m */ = {isa = PBXFileReference; lastKnownFileType = sourcecode.c.objc; path = ViewController.m; sourceTree = "<group>"; };
		BE7B691E169B4594000F7E03 /* en */ = {isa = PBXFileReference; lastKnownFileType = file.xib; name = en; path = en.lproj/ViewController.xib; sourceTree = "<group>"; };
/* End PBXFileReference section */

/* Begin PBXFrameworksBuildPhase section */
		BE7B68FB169B4594000F7E03 /* Frameworks */ = {
			isa = PBXFrameworksBuildPhase;
			buildActionMask = 2147483647;
			files = (
				BE7B6903169B4594000F7E03 /* UIKit.framework in Frameworks */,
				BE7B6905169B4594000F7E03 /* Foundation.framework in Frameworks */,
				BE7B6907169B4594000F7E03 /* CoreGraphics.framework in Frameworks */,
			);
			runOnlyForDeploymentPostprocessing = 0;
		};
/* End PBXFrameworksBuildPhase section */

/* Begin PBXGroup section */
		BE7B68F3169B4594000F7E03 = {
			isa = PBXGroup;
			children = (
				BE7B6908169B4594000F7E03 /* twoTableTest */,
				BE7B6901169B4594000F7E03 /* Frameworks */,
				BE7B68FF169B4594000F7E03 /* Products */,
			);
			sourceTree = "<group>";
		};
		BE7B68FF169B4594000F7E03 /* Products */ = {
			isa = PBXGroup;
			children = (
				BE7B68FE169B4594000F7E03 /* twoTableTest.app */,
			);
			name = Products;
			sourceTree = "<group>";
		};
		BE7B6901169B4594000F7E03 /* Frameworks */ = {
			isa = PBXGroup;
			children = (
				BE7B6902169B4594000F7E03 /* UIKit.framework */,
				BE7B6904169B4594000F7E03 /* Foundation.framework */,
				BE7B6906169B4594000F7E03 /* CoreGraphics.framework */,
			);
			name = Frameworks;
			sourceTree = "<group>";
		};
		BE7B6908169B4594000F7E03 /* twoTableTest */ = {
			isa = PBXGroup;
			children = (
				BE7B6911169B4594000F7E03 /* AppDelegate.h */,
				BE7B6912169B4594000F7E03 /* AppDelegate.m */,
				BE7B691A169B4594000F7E03 /* ViewController.h */,
				BE7B691B169B4594000F7E03 /* ViewController.m */,
				BE7B691D169B4594000F7E03 /* ViewController.xib */,
				BE7B6909169B4594000F7E03 /* Supporting Files */,
			);
			path = twoTableTest;
			sourceTree = "<group>";
		};
		BE7B6909169B4594000F7E03 /* Supporting Files */ = {
			isa = PBXGroup;
			children = (
				BE7B690A169B4594000F7E03 /* twoTableTest-Info.plist */,
				BE7B690B169B4594000F7E03 /* InfoPlist.strings */,
				BE7B690E169B4594000F7E03 /* main.m */,
				BE7B6910169B4594000F7E03 /* twoTableTest-Prefix.pch */,
				BE7B6914169B4594000F7E03 /* Default.png */,
				BE7B6916169B4594000F7E03 /* Default@2x.png */,
				BE7B6918169B4594000F7E03 /* Default-568h@2x.png */,
			);
			name = "Supporting Files";
			sourceTree = "<group>";
		};
/* End PBXGroup section */

/* Begin PBXNativeTarget section */
		BE7B68FD169B4594000F7E03 /* twoTableTest */ = {
			isa = PBXNativeTarget;
			buildConfigurationList = BE7B6922169B4594000F7E03 /* Build configuration list for PBXNativeTarget "twoTableTest" */;
			buildPhases = (
				BE7B68FA169B4594000F7E03 /* Sources */,
				BE7B68FB169B4594000F7E03 /* Frameworks */,
				BE7B68FC169B4594000F7E03 /* Resources */,
			);
			buildRules = (
			);
			dependencies = (
			);
			name = twoTableTest;
			productName = twoTableTest;
			productReference = BE7B68FE169B4594000F7E03 /* twoTableTest.app */;
			productType = "com.apple.product-type.application";
		};
/* End PBXNativeTarget section */

/* Begin PBXProject section */
		BE7B68F5169B4594000F7E03 /* Project object */ = {
			isa = PBXProject;
			attributes = {
				LastUpgradeCheck = 0450;
				ORGANIZATIONNAME = "Matt Propst";
			};
			buildConfigurationList = BE7B68F8169B4594000F7E03 /* Build configuration list for PBXProject "twoTableTest" */;
			compatibilityVersion = "Xcode 3.2";
			developmentRegion = English;
			hasScannedForEncodings = 0;
			knownRegions = (
				en,
			);
			mainGroup = BE7B68F3169B4594000F7E03;
			productRefGroup = BE7B68FF169B4594000F7E03 /* Products */;
			projectDirPath = "";
			projectRoot = "";
			targets = (
				BE7B68FD169B4594000F7E03 /* twoTableTest */,
			);
		};
/* End PBXProject section */

/* Begin PBXResourcesBuildPhase section */
		BE7B68FC169B4594000F7E03 /* Resources */ = {
			isa = PBXResourcesBuildPhase;
			buildActionMask = 2147483647;
			files = (
				BE7B690D169B4594000F7E03 /* InfoPlist.strings in Resources */,
				BE7B6915169B4594000F7E03 /* Default.png in Resources */,
				BE7B6917169B4594000F7E03 /* Default@2x.png in Resources */,
				BE7B6919169B4594000F7E03 /* Default-568h@2x.png in Resources */,
				BE7B691F169B4594000F7E03 /* ViewController.xib in Resources */,
			);
			runOnlyForDeploymentPostprocessing = 0;
		};
/* End PBXResourcesBuildPhase section */

/* Begin PBXSourcesBuildPhase section */
		BE7B68FA169B4594000F7E03 /* Sources */ = {
			isa = PBXSourcesBuildPhase;
			buildActionMask = 2147483647;
			files = (
				BE7B690F169B4594000F7E03 /* main.m in Sources */,
				BE7B6913169B4594000F7E03 /* AppDelegate.m in Sources */,
				BE7B691C169B4594000F7E03 /* ViewController.m in Sources */,
			);
			runOnlyForDeploymentPostprocessing = 0;
		};
/* End PBXSourcesBuildPhase section */

/* Begin PBXVariantGroup section */
		BE7B690B169B4594000F7E03 /* InfoPlist.strings */ = {
			isa = PBXVariantGroup;
			children = (
				BE7B690C169B4594000F7E03 /* en */,
			);
			name = InfoPlist.strings;
			sourceTree = "<group>";
		};
		BE7B691D169B4594000F7E03 /* ViewController.xib */ = {
			isa = PBXVariantGroup;
			children = (
				BE7B691E169B4594000F7E03 /* en */,
			);
			name = ViewController.xib;
			sourceTree = "<group>";
		};
/* End PBXVariantGroup section */

/* Begin XCBuildConfiguration section */
		BE7B6920169B4594000F7E03 /* Debug */ = {
			isa = XCBuildConfiguration;
			buildSettings = {
				ALWAYS_SEARCH_USER_PATHS = NO;
				CLANG_CXX_LANGUAGE_STANDARD = "gnu++0x";
				CLANG_CXX_LIBRARY = "libc++";
				CLANG_ENABLE_OBJC_ARC = YES;
				CLANG_WARN_EMPTY_BODY = YES;
				CLANG_WARN__DUPLICATE_METHOD_MATCH = YES;
				CODE_SIGN_IDENTITY = "iPhone Developer: Robert Acheson (7Y5R7R3M6C)";
				"CODE_SIGN_IDENTITY[sdk=iphoneos*]" = "iPhone Developer: Robert Acheson (7Y5R7R3M6C)";
				COPY_PHASE_STRIP = NO;
				GCC_C_LANGUAGE_STANDARD = gnu99;
				GCC_DYNAMIC_NO_PIC = NO;
				GCC_OPTIMIZATION_LEVEL = 0;
				GCC_PREPROCESSOR_DEFINITIONS = (
					"DEBUG=1",
					"$(inherited)",
				);
				GCC_SYMBOLS_PRIVATE_EXTERN = NO;
				GCC_WARN_ABOUT_RETURN_TYPE = YES;
				GCC_WARN_UNINITIALIZED_AUTOS = YES;
				GCC_WARN_UNUSED_VARIABLE = YES;
				IPHONEOS_DEPLOYMENT_TARGET = 6.0;
				ONLY_ACTIVE_ARCH = YES;
				PROVISIONING_PROFILE = "F5A49CA0-8F7A-4CD4-8878-241E78F8FA22";
				"PROVISIONING_PROFILE[sdk=iphoneos*]" = "F5A49CA0-8F7A-4CD4-8878-241E78F8FA22";
				SDKROOT = iphoneos;
			};
			name = Debug;
		};
		BE7B6921169B4594000F7E03 /* Release */ = {
			isa = XCBuildConfiguration;
			buildSettings = {
				ALWAYS_SEARCH_USER_PATHS = NO;
				CLANG_CXX_LANGUAGE_STANDARD = "gnu++0x";
				CLANG_CXX_LIBRARY = "libc++";
				CLANG_ENABLE_OBJC_ARC = YES;
				CLANG_WARN_EMPTY_BODY = YES;
				CLANG_WARN__DUPLICATE_METHOD_MATCH = YES;
				CODE_SIGN_IDENTITY = "iPhone Developer: Robert Acheson (7Y5R7R3M6C)";
				"CODE_SIGN_IDENTITY[sdk=iphoneos*]" = "iPhone Developer: Robert Acheson (7Y5R7R3M6C)";
				COPY_PHASE_STRIP = YES;
				GCC_C_LANGUAGE_STANDARD = gnu99;
				GCC_WARN_ABOUT_RETURN_TYPE = YES;
				GCC_WARN_UNINITIALIZED_AUTOS = YES;
				GCC_WARN_UNUSED_VARIABLE = YES;
				IPHONEOS_DEPLOYMENT_TARGET = 6.0;
				OTHER_CFLAGS = "-DNS_BLOCK_ASSERTIONS=1";
				PROVISIONING_PROFILE = "F5A49CA0-8F7A-4CD4-8878-241E78F8FA22";
				"PROVISIONING_PROFILE[sdk=iphoneos*]" = "F5A49CA0-8F7A-4CD4-8878-241E78F8FA22";
				SDKROOT = iphoneos;
				VALIDATE_PRODUCT = YES;
			};
			name = Release;
		};
		BE7B6923169B4594000F7E03 /* Debug */ = {
			isa = XCBuildConfiguration;
			buildSettings = {
				CODE_SIGN_IDENTITY = "iPhone Developer: Robert Acheson (7Y5R7R3M6C)";
				"CODE_SIGN_IDENTITY[sdk=iphoneos*]" = "iPhone Developer: Robert Acheson (7Y5R7R3M6C)";
				GCC_PRECOMPILE_PREFIX_HEADER = YES;
				GCC_PREFIX_HEADER = "twoTableTest/twoTableTest-Prefix.pch";
				INFOPLIST_FILE = "twoTableTest/twoTableTest-Info.plist";
				PRODUCT_NAME = "$(TARGET_NAME)";
				PROVISIONING_PROFILE = "F5A49CA0-8F7A-4CD4-8878-241E78F8FA22";
				"PROVISIONING_PROFILE[sdk=iphoneos*]" = "F5A49CA0-8F7A-4CD4-8878-241E78F8FA22";
				WRAPPER_EXTENSION = app;
			};
			name = Debug;
		};
		BE7B6924169B4594000F7E03 /* Release */ = {
			isa = XCBuildConfiguration;
			buildSettings = {
				GCC_PRECOMPILE_PREFIX_HEADER = YES;
				GCC_PREFIX_HEADER = "twoTableTest/twoTableTest-Prefix.pch";
				INFOPLIST_FILE = "twoTableTest/twoTableTest-Info.plist";
				PRODUCT_NAME = "$(TARGET_NAME)";
				WRAPPER_EXTENSION = app;
			};
			name = Release;
		};
/* End XCBuildConfiguration section */

/* Begin XCConfigurationList section */
		BE7B68F8169B4594000F7E03 /* Build configuration list for PBXProject "twoTableTest" */ = {
			isa = XCConfigurationList;
			buildConfigurations = (
				BE7B6920169B4594000F7E03 /* Debug */,
				BE7B6921169B4594000F7E03 /* Release */,
			);
			defaultConfigurationIsVisible = 0;
			defaultConfigurationName = Release;
		};
		BE7B6922169B4594000F7E03 /* Build configuration list for PBXNativeTarget "twoTableTest" */ = {
			isa = XCConfigurationList;
			buildConfigurations = (
				BE7B6923169B4594000F7E03 /* Debug */,
				BE7B6924169B4594000F7E03 /* Release */,
			);
			defaultConfigurationIsVisible = 0;
		};
/* End XCConfigurationList section */
	};
	rootObject = BE7B68F5169B4594000F7E03 /* Project object */;
}
